
Microsoft Visual Studio Solution File, Format Version 12.00
# Visual Studio 15
VisualStudioVersion = 15.0.27130.2036
MinimumVisualStudioVersion = 10.0.40219.1
Project("{FAE04EC0-301F-11D3-BF4B-00C04F79EFBC}") = "ServiceProjectTemplate.Core", "ServiceProjectTemplate.Core\ServiceProjectTemplate.Core.csproj", "{3EE465AE-EA47-4A55-9C65-FC49BCEA9291}"
EndProject
Project("{FAE04EC0-301F-11D3-BF4B-00C04F79EFBC}") = "ServiceProjectTemplate.WPF", "ServiceProjectTemplate.WPF\ServiceProjectTemplate.WPF.csproj", "{C296E1DA-3C58-48CB-B17A-EAD9CFCE7707}"
EndProject
Project("{FAE04EC0-301F-11D3-BF4B-00C04F79EFBC}") = "ServiceProjectTemplate.Service", "ServiceProjectTemplate.Service\ServiceProjectTemplate.Service.csproj", "{4499E760-217B-4C97-869D-F97460C58B4F}"
EndProject
Project("{2150E333-8FDC-42A3-9474-1A3956D46DE8}") = "Solution Items", "Solution Items", "{71910EE4-E759-4498-BF02-0397BD128EF8}"
	ProjectSection(SolutionItems) = preProject
		LICENSE.md = LICENSE.md
		README.md = README.md
	EndProjectSection
EndProject
Project("{E24C65DC-7377-472B-9ABA-BC803B73C61A}") = "VS Template", "VS Template\", "{625482F7-EC1A-49A6-991B-AD6B1D6E10B3}"
	ProjectSection(WebsiteProperties) = preProject
		TargetFrameworkMoniker = ".NETFramework,Version%3Dv4.5.1"
		Debug.AspNetCompiler.VirtualPath = "/localhost_50286"
		Debug.AspNetCompiler.PhysicalPath = "VS Template\"
		Debug.AspNetCompiler.TargetPath = "PrecompiledWeb\localhost_50286\"
		Debug.AspNetCompiler.Updateable = "true"
		Debug.AspNetCompiler.ForceOverwrite = "true"
		Debug.AspNetCompiler.FixedNames = "false"
		Debug.AspNetCompiler.Debug = "True"
		Release.AspNetCompiler.VirtualPath = "/localhost_50286"
		Release.AspNetCompiler.PhysicalPath = "VS Template\"
		Release.AspNetCompiler.TargetPath = "PrecompiledWeb\localhost_50286\"
		Release.AspNetCompiler.Updateable = "true"
		Release.AspNetCompiler.ForceOverwrite = "true"
		Release.AspNetCompiler.FixedNames = "false"
		Release.AspNetCompiler.Debug = "False"
		VWDPort = "50286"
		SlnRelativePath = "VS Template\"
		DefaultWebSiteLanguage = "Visual C#"
	EndProjectSection
EndProject
Global
	GlobalSection(SolutionConfigurationPlatforms) = preSolution
		Debug|Any CPU = Debug|Any CPU
		Release|Any CPU = Release|Any CPU
	EndGlobalSection
	GlobalSection(ProjectConfigurationPlatforms) = postSolution
		{3EE465AE-EA47-4A55-9C65-FC49BCEA9291}.Debug|Any CPU.ActiveCfg = Debug|Any CPU
		{3EE465AE-EA47-4A55-9C65-FC49BCEA9291}.Debug|Any CPU.Build.0 = Debug|Any CPU
		{3EE465AE-EA47-4A55-9C65-FC49BCEA9291}.Release|Any CPU.ActiveCfg = Release|Any CPU
		{3EE465AE-EA47-4A55-9C65-FC49BCEA9291}.Release|Any CPU.Build.0 = Release|Any CPU
		{C296E1DA-3C58-48CB-B17A-EAD9CFCE7707}.Debug|Any CPU.ActiveCfg = Debug|Any CPU
		{C296E1DA-3C58-48CB-B17A-EAD9CFCE7707}.Debug|Any CPU.Build.0 = Debug|Any CPU
		{C296E1DA-3C58-48CB-B17A-EAD9CFCE7707}.Release|Any CPU.ActiveCfg = Release|Any CPU
		{C296E1DA-3C58-48CB-B17A-EAD9CFCE7707}.Release|Any CPU.Build.0 = Release|Any CPU
		{4499E760-217B-4C97-869D-F97460C58B4F}.Debug|Any CPU.ActiveCfg = Debug|Any CPU
		{4499E760-217B-4C97-869D-F97460C58B4F}.Debug|Any CPU.Build.0 = Debug|Any CPU
		{4499E760-217B-4C97-869D-F97460C58B4F}.Release|Any CPU.ActiveCfg = Release|Any CPU
		{4499E760-217B-4C97-869D-F97460C58B4F}.Release|Any CPU.Build.0 = Release|Any CPU
		{625482F7-EC1A-49A6-991B-AD6B1D6E10B3}.Debug|Any CPU.ActiveCfg = Debug|Any CPU
		{625482F7-EC1A-49A6-991B-AD6B1D6E10B3}.Debug|Any CPU.Build.0 = Debug|Any CPU
		{625482F7-EC1A-49A6-991B-AD6B1D6E10B3}.Release|Any CPU.ActiveCfg = Debug|Any CPU
		{625482F7-EC1A-49A6-991B-AD6B1D6E10B3}.Release|Any CPU.Build.0 = Debug|Any CPU
	EndGlobalSection
	GlobalSection(SolutionProperties) = preSolution
		HideSolutionNode = FALSE
	EndGlobalSection
	GlobalSection(ExtensibilityGlobals) = postSolution
		SolutionGuid = {CE7B36C1-56EF-4810-886D-BEA4AF4392F9}
	EndGlobalSection
EndGlobal
